
Microsoft Visual Studio Solution File, Format Version 12.00
# Visual Studio Version 17
VisualStudioVersion = 17.3.32819.101
MinimumVisualStudioVersion = 10.0.40219.1
Project("{FAE04EC0-301F-11D3-BF4B-00C04F79EFBC}") = "CCourse", "CCourse.csproj", "{E8711A7B-DDA2-4535-A831-7717C6950CF8}"
EndProject
Global
	GlobalSection(SolutionConfigurationPlatforms) = preSolution
		Debug|Any CPU = Debug|Any CPU
		Release|Any CPU = Release|Any CPU
	EndGlobalSection
	GlobalSection(ProjectConfigurationPlatforms) = postSolution
		{E8711A7B-DDA2-4535-A831-7717C6950CF8}.Debug|Any CPU.ActiveCfg = Debug|Any CPU
		{E8711A7B-DDA2-4535-A831-7717C6950CF8}.Debug|Any CPU.Build.0 = Debug|Any CPU
		{E8711A7B-DDA2-4535-A831-7717C6950CF8}.Release|Any CPU.ActiveCfg = Release|Any CPU
		{E8711A7B-DDA2-4535-A831-7717C6950CF8}.Release|Any CPU.Build.0 = Release|Any CPU
	EndGlobalSection
	GlobalSection(SolutionProperties) = preSolution
		HideSolutionNode = FALSE
	EndGlobalSection
	GlobalSection(ExtensibilityGlobals) = postSolution
		SolutionGuid = {1138221B-BA05-4594-8716-84265D6584D6}
	EndGlobalSection
EndGlobal
